# This file is generated by running "yarn install" inside your project.
# Manual changes might be lost - proceed with caution!

__metadata:
  version: 6
  cacheKey: 8

"accepts@npm:~1.3.7":
  version: 1.3.7
  resolution: "accepts@npm:1.3.7"
  dependencies:
    mime-types: ~2.1.24
    negotiator: 0.6.2
  checksum: 27fc8060ffc69481ff6719cd3ee06387d2b88381cb0ce626f087781bbd02201a645a9febc8e7e7333558354b33b1d2f922ad13560be4ec1b7ba9e76fc1c1241d
  languageName: node
  linkType: hard

"agent-base@npm:6":
  version: 6.0.2
  resolution: "agent-base@npm:6.0.2"
  dependencies:
    debug: 4
  checksum: f52b6872cc96fd5f622071b71ef200e01c7c4c454ee68bc9accca90c98cfb39f2810e3e9aa330435835eedc8c23f4f8a15267f67c6e245d2b33757575bdac49d
  languageName: node
  linkType: hard

"array-flatten@npm:1.1.1":
  version: 1.1.1
  resolution: "array-flatten@npm:1.1.1"
  checksum: a9925bf3512d9dce202112965de90c222cd59a4fbfce68a0951d25d965cf44642931f40aac72309c41f12df19afa010ecadceb07cfff9ccc1621e99d89ab5f3b
  languageName: node
  linkType: hard

"asap@npm:^2.0.0":
  version: 2.0.6
  resolution: "asap@npm:2.0.6"
  checksum: b296c92c4b969e973260e47523207cd5769abd27c245a68c26dc7a0fe8053c55bb04360237cb51cab1df52be939da77150ace99ad331fb7fb13b3423ed73ff3d
  languageName: node
  linkType: hard

"axios@npm:^0.21.1":
  version: 0.21.1
  resolution: "axios@npm:0.21.1"
  dependencies:
    follow-redirects: ^1.10.0
  checksum: c87915fa0b18c15c63350112b6b3563a3e2ae524d7707de0a73d2e065e0d30c5d3da8563037bc29d4cc1b7424b5a350cb7274fa52525c6c04a615fe561c6ab11
  languageName: node
  linkType: hard

"body-parser@npm:1.19.0":
  version: 1.19.0
  resolution: "body-parser@npm:1.19.0"
  dependencies:
    bytes: 3.1.0
    content-type: ~1.0.4
    debug: 2.6.9
    depd: ~1.1.2
    http-errors: 1.7.2
    iconv-lite: 0.4.24
    on-finished: ~2.3.0
    qs: 6.7.0
    raw-body: 2.4.0
    type-is: ~1.6.17
  checksum: 490231b4c89bbd43112762f7ba8e5342c174a6c9f64284a3b0fcabf63277e332f8316765596f1e5b15e4f3a6cf0422e005f4bb3149ed3a224bb025b7a36b9ac1
  languageName: node
  linkType: hard

"buffer-equal-constant-time@npm:1.0.1":
  version: 1.0.1
  resolution: "buffer-equal-constant-time@npm:1.0.1"
  checksum: 80bb945f5d782a56f374b292770901065bad21420e34936ecbe949e57724b4a13874f735850dd1cc61f078773c4fb5493a41391e7bda40d1fa388d6bd80daaab
  languageName: node
  linkType: hard

"bytes@npm:3.1.0":
  version: 3.1.0
  resolution: "bytes@npm:3.1.0"
  checksum: 7c3b21c5d9d44ed455460d5d36a31abc6fa2ce3807964ba60a4b03fd44454c8cf07bb0585af83bfde1c5cc2ea4bbe5897bc3d18cd15e0acf25a3615a35aba2df
  languageName: node
  linkType: hard

"content-disposition@npm:0.5.3":
  version: 0.5.3
  resolution: "content-disposition@npm:0.5.3"
  dependencies:
    safe-buffer: 5.1.2
  checksum: 95bf164c0b0b8199d3f44b7631e51b37f683c6a90b9baa4315bd3d405a6d1bc81b7346f0981046aa004331fb3d7a28b629514d01fc209a5251573fc7e4d33380
  languageName: node
  linkType: hard

"content-type@npm:~1.0.4":
  version: 1.0.4
  resolution: "content-type@npm:1.0.4"
  checksum: 3d93585fda985d1554eca5ebd251994327608d2e200978fdbfba21c0c679914d5faf266d17027de44b34a72c7b0745b18584ecccaa7e1fdfb6a68ac7114f12e0
  languageName: node
  linkType: hard

"cookie-signature@npm:1.0.6":
  version: 1.0.6
  resolution: "cookie-signature@npm:1.0.6"
  checksum: f4e1b0a98a27a0e6e66fd7ea4e4e9d8e038f624058371bf4499cfcd8f3980be9a121486995202ba3fca74fbed93a407d6d54d43a43f96fd28d0bd7a06761591a
  languageName: node
  linkType: hard

"cookie@npm:0.4.0":
  version: 0.4.0
  resolution: "cookie@npm:0.4.0"
  checksum: 760384ba0aef329c52523747e36a452b5e51bc49b34160363a6934e7b7df3f93fcc88b35e33450361535d40a92a96412da870e1816aba9aa6cc556a9fedd8492
  languageName: node
  linkType: hard

"dayjs@npm:^1.8.29":
  version: 1.9.1
  resolution: "dayjs@npm:1.9.1"
  checksum: 31a713264f118dda02679312233b48752e0dc7f1d998d71be7a0b687fb62cba31c9170315de1c7c3194c6343b5915c6e5078ee5141094cc180b68435710827d0
  languageName: node
  linkType: hard

"debug@npm:2.6.9":
  version: 2.6.9
  resolution: "debug@npm:2.6.9"
  dependencies:
    ms: 2.0.0
  checksum: d2f51589ca66df60bf36e1fa6e4386b318c3f1e06772280eea5b1ae9fd3d05e9c2b7fd8a7d862457d00853c75b00451aa2d7459b924629ee385287a650f58fe6
  languageName: node
  linkType: hard

"debug@npm:4":
  version: 4.3.2
  resolution: "debug@npm:4.3.2"
  dependencies:
    ms: 2.1.2
  peerDependenciesMeta:
    supports-color:
      optional: true
  checksum: 820ea160e267e23c953c9ed87e7ad93494d8cda2f7349af5e7e3bb236d23707ee3022f477d5a7d2ee86ef2bf7d60aa9ab22d1f58080d7deb9dccd073585e1e43
  languageName: node
  linkType: hard

"depd@npm:~1.1.2":
  version: 1.1.2
  resolution: "depd@npm:1.1.2"
  checksum: 6b406620d269619852885ce15965272b829df6f409724415e0002c8632ab6a8c0a08ec1f0bd2add05dc7bd7507606f7e2cc034fa24224ab829580040b835ecd9
  languageName: node
  linkType: hard

"destroy@npm:~1.0.4":
  version: 1.0.4
  resolution: "destroy@npm:1.0.4"
  checksum: da9ab4961dc61677c709da0c25ef01733042614453924d65636a7db37308fef8a24cd1e07172e61173d471ca175371295fbc984b0af5b2b4ff47cd57bd784c03
  languageName: node
  linkType: hard

"dotenv@npm:^8.2.0":
  version: 8.2.0
  resolution: "dotenv@npm:8.2.0"
  checksum: ad4c8e0df3e24b4811c8e93377d048a10a9b213dcd9f062483b4a2d3168f08f10ec9c618c23f5639060d230ccdb174c08761479e9baa29610aa978e1ee66df76
  languageName: node
  linkType: hard

"ecdsa-sig-formatter@npm:1.0.11":
  version: 1.0.11
  resolution: "ecdsa-sig-formatter@npm:1.0.11"
  dependencies:
    safe-buffer: ^5.0.1
  checksum: 207f9ab1c2669b8e65540bce29506134613dd5f122cccf1e6a560f4d63f2732d427d938f8481df175505aad94583bcb32c688737bb39a6df0625f903d6d93c03
  languageName: node
  linkType: hard

"ee-first@npm:1.1.1":
  version: 1.1.1
  resolution: "ee-first@npm:1.1.1"
  checksum: 1b4cac778d64ce3b582a7e26b218afe07e207a0f9bfe13cc7395a6d307849cfe361e65033c3251e00c27dd060cab43014c2d6b2647676135e18b77d2d05b3f4f
  languageName: node
  linkType: hard

"encodeurl@npm:~1.0.2":
  version: 1.0.2
  resolution: "encodeurl@npm:1.0.2"
  checksum: e50e3d508cdd9c4565ba72d2012e65038e5d71bdc9198cb125beb6237b5b1ade6c0d343998da9e170fb2eae52c1bed37d4d6d98a46ea423a0cddbed5ac3f780c
  languageName: node
  linkType: hard

"escape-html@npm:~1.0.3":
  version: 1.0.3
  resolution: "escape-html@npm:1.0.3"
  checksum: 6213ca9ae00d0ab8bccb6d8d4e0a98e76237b2410302cf7df70aaa6591d509a2a37ce8998008cbecae8fc8ffaadf3fb0229535e6a145f3ce0b211d060decbb24
  languageName: node
  linkType: hard

"etag@npm:~1.8.1":
  version: 1.8.1
  resolution: "etag@npm:1.8.1"
  checksum: 571aeb3dbe0f2bbd4e4fadbdb44f325fc75335cd5f6f6b6a091e6a06a9f25ed5392f0863c5442acb0646787446e816f13cbfc6edce5b07658541dff573cab1ff
  languageName: node
  linkType: hard

"express@npm:^4.17.1":
  version: 4.17.1
  resolution: "express@npm:4.17.1"
  dependencies:
    accepts: ~1.3.7
    array-flatten: 1.1.1
    body-parser: 1.19.0
    content-disposition: 0.5.3
    content-type: ~1.0.4
    cookie: 0.4.0
    cookie-signature: 1.0.6
    debug: 2.6.9
    depd: ~1.1.2
    encodeurl: ~1.0.2
    escape-html: ~1.0.3
    etag: ~1.8.1
    finalhandler: ~1.1.2
    fresh: 0.5.2
    merge-descriptors: 1.0.1
    methods: ~1.1.2
    on-finished: ~2.3.0
    parseurl: ~1.3.3
    path-to-regexp: 0.1.7
    proxy-addr: ~2.0.5
    qs: 6.7.0
    range-parser: ~1.2.1
    safe-buffer: 5.1.2
    send: 0.17.1
    serve-static: 1.14.1
    setprototypeof: 1.1.1
    statuses: ~1.5.0
    type-is: ~1.6.18
    utils-merge: 1.0.1
    vary: ~1.1.2
  checksum: d964e9e17af331ea6fa2f84999b063bc47189dd71b4a735df83f9126d3bb2b92e830f1cb1d7c2742530eb625e2689d7a9a9c71f0c3cc4dd6015c3cd32a01abd5
  languageName: node
  linkType: hard

"finalhandler@npm:~1.1.2":
  version: 1.1.2
  resolution: "finalhandler@npm:1.1.2"
  dependencies:
    debug: 2.6.9
    encodeurl: ~1.0.2
    escape-html: ~1.0.3
    on-finished: ~2.3.0
    parseurl: ~1.3.3
    statuses: ~1.5.0
    unpipe: ~1.0.0
  checksum: 617880460c5138dd7ccfd555cb5dde4d8f170f4b31b8bd51e4b646bb2946c30f7db716428a1f2882d730d2b72afb47d1f67cc487b874cb15426f95753a88965e
  languageName: node
  linkType: hard

"follow-redirects@npm:^1.10.0":
  version: 1.13.2
  resolution: "follow-redirects@npm:1.13.2"
  peerDependenciesMeta:
    debug:
      optional: true
  checksum: c17f14c186e8a5cc9e6f179f87286306151017a919735d68e2d440fd353da9f9d15789e03ea057a1c2b49dda9d662b05bb4370c7350f70de43b18d3ead2b36a0
  languageName: node
  linkType: hard

"forwarded@npm:~0.1.2":
  version: 0.1.2
  resolution: "forwarded@npm:0.1.2"
  checksum: 54695c574292f9bc6bfa52111844337bc2e61cfcc5ec82f16b816d721a67a0c76b4849a34b57e38e51d64ddbb81aef974f393579f610ed1b990470e75abad2e0
  languageName: node
  linkType: hard

"fresh@npm:0.5.2":
  version: 0.5.2
  resolution: "fresh@npm:0.5.2"
  checksum: 13ea8b08f91e669a64e3ba3a20eb79d7ca5379a81f1ff7f4310d54e2320645503cc0c78daedc93dfb6191287295f6479544a649c64d8e41a1c0fb0c221552346
  languageName: node
  linkType: hard

"frontline-demo-service@workspace:.":
  version: 0.0.0-use.local
  resolution: "frontline-demo-service@workspace:."
  dependencies:
    axios: ^0.21.1
    dotenv: ^8.2.0
    express: ^4.17.1
    twilio: ^3.67.1
    uuid: ^7.0.3
  languageName: unknown
  linkType: soft

"http-errors@npm:1.7.2":
  version: 1.7.2
  resolution: "http-errors@npm:1.7.2"
  dependencies:
    depd: ~1.1.2
    inherits: 2.0.3
    setprototypeof: 1.1.1
    statuses: ">= 1.5.0 < 2"
    toidentifier: 1.0.0
  checksum: 5534b0ae08e77f5a45a2380f500e781f6580c4ff75b816cb1f09f99a290b57e78a518be6d866db1b48cca6b052c09da2c75fc91fb16a2fe3da3c44d9acbb9972
  languageName: node
  linkType: hard

"http-errors@npm:~1.7.2":
  version: 1.7.3
  resolution: "http-errors@npm:1.7.3"
  dependencies:
    depd: ~1.1.2
    inherits: 2.0.4
    setprototypeof: 1.1.1
    statuses: ">= 1.5.0 < 2"
    toidentifier: 1.0.0
  checksum: a59f359473f4b3ea78305beee90d186268d6075432622a46fb7483059068a2dd4c854a20ac8cd438883127e06afb78c1309168bde6cdfeed1e3700eb42487d99
  languageName: node
  linkType: hard

"https-proxy-agent@npm:^5.0.0":
  version: 5.0.0
  resolution: "https-proxy-agent@npm:5.0.0"
  dependencies:
    agent-base: 6
    debug: 4
  checksum: 165bfb090bd26d47693597661298006841ab733d0c7383a8cb2f17373387a94c903a3ac687090aa739de05e379ab6f868bae84ab4eac288ad85c328cd1ec9e53
  languageName: node
  linkType: hard

"iconv-lite@npm:0.4.24":
  version: 0.4.24
  resolution: "iconv-lite@npm:0.4.24"
  dependencies:
    safer-buffer: ">= 2.1.2 < 3"
  checksum: bd9f120f5a5b306f0bc0b9ae1edeb1577161503f5f8252a20f1a9e56ef8775c9959fd01c55f2d3a39d9a8abaf3e30c1abeb1895f367dcbbe0a8fd1c9ca01c4f6
  languageName: node
  linkType: hard

"inherits@npm:2.0.3":
  version: 2.0.3
  resolution: "inherits@npm:2.0.3"
  checksum: 78cb8d7d850d20a5e9a7f3620db31483aa00ad5f722ce03a55b110e5a723539b3716a3b463e2b96ce3fe286f33afc7c131fa2f91407528ba80cea98a7545d4c0
  languageName: node
  linkType: hard

"inherits@npm:2.0.4":
  version: 2.0.4
  resolution: "inherits@npm:2.0.4"
  checksum: 4a48a733847879d6cf6691860a6b1e3f0f4754176e4d71494c41f3475553768b10f84b5ce1d40fbd0e34e6bfbb864ee35858ad4dd2cf31e02fc4a154b724d7f1
  languageName: node
  linkType: hard

"ipaddr.js@npm:1.9.1":
  version: 1.9.1
  resolution: "ipaddr.js@npm:1.9.1"
  checksum: f88d3825981486f5a1942414c8d77dd6674dd71c065adcfa46f578d677edcb99fda25af42675cb59db492fdf427b34a5abfcde3982da11a8fd83a500b41cfe77
  languageName: node
  linkType: hard

"jsonwebtoken@npm:^8.5.1":
  version: 8.5.1
  resolution: "jsonwebtoken@npm:8.5.1"
  dependencies:
    jws: ^3.2.2
    lodash.includes: ^4.3.0
    lodash.isboolean: ^3.0.3
    lodash.isinteger: ^4.0.4
    lodash.isnumber: ^3.0.3
    lodash.isplainobject: ^4.0.6
    lodash.isstring: ^4.0.1
    lodash.once: ^4.0.0
    ms: ^2.1.1
    semver: ^5.6.0
  checksum: 93c9e3f23c59b758ac88ba15f4e4753b3749dfce7a6f7c40fb86663128a1e282db085eec852d4e0cbca4cefdcd3a8275ee255dbd08fcad0df26ad9f6e4cc853a
  languageName: node
  linkType: hard

"jwa@npm:^1.4.1":
  version: 1.4.1
  resolution: "jwa@npm:1.4.1"
  dependencies:
    buffer-equal-constant-time: 1.0.1
    ecdsa-sig-formatter: 1.0.11
    safe-buffer: ^5.0.1
  checksum: ff30ea7c2dcc61f3ed2098d868bf89d43701605090c5b21b5544b512843ec6fd9e028381a4dda466cbcdb885c2d1150f7c62e7168394ee07941b4098e1035e2f
  languageName: node
  linkType: hard

"jws@npm:^3.2.2":
  version: 3.2.2
  resolution: "jws@npm:3.2.2"
  dependencies:
    jwa: ^1.4.1
    safe-buffer: ^5.0.1
  checksum: f0213fe5b79344c56cd443428d8f65c16bf842dc8cb8f5aed693e1e91d79c20741663ad6eff07a6d2c433d1831acc9814e8d7bada6a0471fbb91d09ceb2bf5c2
  languageName: node
  linkType: hard

"lodash.includes@npm:^4.3.0":
  version: 4.3.0
  resolution: "lodash.includes@npm:4.3.0"
  checksum: 71092c130515a67ab3bd928f57f6018434797c94def7f46aafa417771e455ce3a4834889f4267b17887d7f75297dfabd96231bf704fd2b8c5096dc4a913568b6
  languageName: node
  linkType: hard

"lodash.isboolean@npm:^3.0.3":
  version: 3.0.3
  resolution: "lodash.isboolean@npm:3.0.3"
  checksum: b70068b4a8b8837912b54052557b21fc4774174e3512ed3c5b94621e5aff5eb6c68089d0a386b7e801d679cd105d2e35417978a5e99071750aa2ed90bffd0250
  languageName: node
  linkType: hard

"lodash.isinteger@npm:^4.0.4":
  version: 4.0.4
  resolution: "lodash.isinteger@npm:4.0.4"
  checksum: 6034821b3fc61a2ffc34e7d5644bb50c5fd8f1c0121c554c21ac271911ee0c0502274852845005f8651d51e199ee2e0cfebfe40aaa49c7fe617f603a8a0b1691
  languageName: node
  linkType: hard

"lodash.isnumber@npm:^3.0.3":
  version: 3.0.3
  resolution: "lodash.isnumber@npm:3.0.3"
  checksum: 913784275b565346255e6ae6a6e30b760a0da70abc29f3e1f409081585875105138cda4a429ff02577e1bc0a7ae2a90e0a3079a37f3a04c3d6c5aaa532f4cab2
  languageName: node
  linkType: hard

"lodash.isplainobject@npm:^4.0.6":
  version: 4.0.6
  resolution: "lodash.isplainobject@npm:4.0.6"
  checksum: 29c6351f281e0d9a1d58f1a4c8f4400924b4c79f18dfc4613624d7d54784df07efaff97c1ff2659f3e085ecf4fff493300adc4837553104cef2634110b0d5337
  languageName: node
  linkType: hard

"lodash.isstring@npm:^4.0.1":
  version: 4.0.1
  resolution: "lodash.isstring@npm:4.0.1"
  checksum: eaac87ae9636848af08021083d796e2eea3d02e80082ab8a9955309569cb3a463ce97fd281d7dc119e402b2e7d8c54a23914b15d2fc7fff56461511dc8937ba0
  languageName: node
  linkType: hard

"lodash.once@npm:^4.0.0":
  version: 4.1.1
  resolution: "lodash.once@npm:4.1.1"
  checksum: d768fa9f9b4e1dc6453be99b753906f58990e0c45e7b2ca5a3b40a33111e5d17f6edf2f768786e2716af90a8e78f8f91431ab8435f761fef00f9b0c256f6d245
  languageName: node
  linkType: hard

"lodash@npm:^4.17.21":
  version: 4.17.21
  resolution: "lodash@npm:4.17.21"
  checksum: eb835a2e51d381e561e508ce932ea50a8e5a68f4ebdd771ea240d3048244a8d13658acbd502cd4829768c56f2e16bdd4340b9ea141297d472517b83868e677f7
  languageName: node
  linkType: hard

"media-typer@npm:0.3.0":
  version: 0.3.0
  resolution: "media-typer@npm:0.3.0"
  checksum: af1b38516c28ec95d6b0826f6c8f276c58aec391f76be42aa07646b4e39d317723e869700933ca6995b056db4b09a78c92d5440dc23657e6764be5d28874bba1
  languageName: node
  linkType: hard

"merge-descriptors@npm:1.0.1":
  version: 1.0.1
  resolution: "merge-descriptors@npm:1.0.1"
  checksum: 5abc259d2ae25bb06d19ce2b94a21632583c74e2a9109ee1ba7fd147aa7362b380d971e0251069f8b3eb7d48c21ac839e21fa177b335e82c76ec172e30c31a26
  languageName: node
  linkType: hard

"methods@npm:~1.1.2":
  version: 1.1.2
  resolution: "methods@npm:1.1.2"
  checksum: 0917ff4041fa8e2f2fda5425a955fe16ca411591fbd123c0d722fcf02b73971ed6f764d85f0a6f547ce49ee0221ce2c19a5fa692157931cecb422984f1dcd13a
  languageName: node
  linkType: hard

"mime-db@npm:1.43.0":
  version: 1.43.0
  resolution: "mime-db@npm:1.43.0"
  checksum: 294adf08a102780282fb34e7ea69ee7fb8d049c52fc7e93424aeb60b7f27f19fe71c87df0efc765f1f366a0ab743cdc643e212ac5f35f99fbfef9b173c2096d7
  languageName: node
  linkType: hard

"mime-types@npm:~2.1.24":
  version: 2.1.26
  resolution: "mime-types@npm:2.1.26"
  dependencies:
    mime-db: 1.43.0
  checksum: 465fb5fea3d48fa7dd5f3e5d285b0c20789df697c1cc217ccfaef13f31e85444d938081b0e37915db6453cbebf93a253668f24fe7d645c21f3ddd18ab6cf68e4
  languageName: node
  linkType: hard

"mime@npm:1.6.0":
  version: 1.6.0
  resolution: "mime@npm:1.6.0"
  bin:
    mime: cli.js
  checksum: fef25e39263e6d207580bdc629f8872a3f9772c923c7f8c7e793175cee22777bbe8bba95e5d509a40aaa292d8974514ce634ae35769faa45f22d17edda5e8557
  languageName: node
  linkType: hard

"ms@npm:2.0.0":
  version: 2.0.0
  resolution: "ms@npm:2.0.0"
  checksum: 0e6a22b8b746d2e0b65a430519934fefd41b6db0682e3477c10f60c76e947c4c0ad06f63ffdf1d78d335f83edee8c0aa928aa66a36c7cd95b69b26f468d527f4
  languageName: node
  linkType: hard

"ms@npm:2.1.1":
  version: 2.1.1
  resolution: "ms@npm:2.1.1"
  checksum: 0078a23cd916a9a7435c413caa14c57d4b4f6e2470e0ab554b6964163c8a4436448ac7ae020e883685475da6b6796cc396b670f579cb275db288a21e3e57721e
  languageName: node
  linkType: hard

"ms@npm:2.1.2, ms@npm:^2.1.1":
  version: 2.1.2
  resolution: "ms@npm:2.1.2"
  checksum: 673cdb2c3133eb050c745908d8ce632ed2c02d85640e2edb3ace856a2266a813b30c613569bf3354fdf4ea7d1a1494add3bfa95e2713baa27d0c2c71fc44f58f
  languageName: node
  linkType: hard

"negotiator@npm:0.6.2":
  version: 0.6.2
  resolution: "negotiator@npm:0.6.2"
  checksum: dfddaff6c06792f1c4c3809e29a427b8daef8cd437c83b08dd51d7ee11bbd1c29d9512d66b801144d6c98e910ffd8723f2432e0cbf8b18d41d2a09599c975ab3
  languageName: node
  linkType: hard

"on-finished@npm:~2.3.0":
  version: 2.3.0
  resolution: "on-finished@npm:2.3.0"
  dependencies:
    ee-first: 1.1.1
  checksum: 1db595bd963b0124d6fa261d18320422407b8f01dc65863840f3ddaaf7bcad5b28ff6847286703ca53f4ec19595bd67a2f1253db79fc4094911ec6aa8df1671b
  languageName: node
  linkType: hard

"parseurl@npm:~1.3.3":
  version: 1.3.3
  resolution: "parseurl@npm:1.3.3"
  checksum: 407cee8e0a3a4c5cd472559bca8b6a45b82c124e9a4703302326e9ab60fc1081442ada4e02628efef1eb16197ddc7f8822f5a91fd7d7c86b51f530aedb17dfa2
  languageName: node
  linkType: hard

"path-to-regexp@npm:0.1.7":
  version: 0.1.7
  resolution: "path-to-regexp@npm:0.1.7"
  checksum: 69a14ea24db543e8b0f4353305c5eac6907917031340e5a8b37df688e52accd09e3cebfe1660b70d76b6bd89152f52183f28c74813dbf454ba1a01c82a38abce
  languageName: node
  linkType: hard

"pop-iterate@npm:^1.0.1":
  version: 1.0.1
  resolution: "pop-iterate@npm:1.0.1"
  checksum: 3147476c57bee79a0f07d111d7c8564bf7153cb15614ad49421497f1976825b89746af7a2581a136e8284001a4d5b9cbf2b1d4ac1ca540b089f9bf582ecddb14
  languageName: node
  linkType: hard

"proxy-addr@npm:~2.0.5":
  version: 2.0.6
  resolution: "proxy-addr@npm:2.0.6"
  dependencies:
    forwarded: ~0.1.2
    ipaddr.js: 1.9.1
  checksum: 2bad9b7a56b847faf606a19328aaaf5fca3e561ebb4e933969a580d94a20f77e74fb21196028a6e417851b3d9d95a0c704732a3362e3ef515d45d96859ac7eb9
  languageName: node
  linkType: hard

"q@npm:2.0.x":
  version: 2.0.3
  resolution: "q@npm:2.0.3"
  dependencies:
    asap: ^2.0.0
    pop-iterate: ^1.0.1
    weak-map: ^1.0.5
  checksum: ad3c925b242d06bd97c8bc7d57d5c6506bcae876f9172cffea7eacafe93a4f434f06f0eb6f87b59028f7b03dd15ed7fe7c6be8e3ab43173b584d8d40cb3a335d
  languageName: node
  linkType: hard

"qs@npm:6.7.0":
  version: 6.7.0
  resolution: "qs@npm:6.7.0"
  checksum: dfd5f6adef50e36e908cfa70a6233871b5afe66fbaca37ecc1da352ba29eb2151a3797991948f158bb37fccde51bd57845cb619a8035287bfc24e4591172c347
  languageName: node
  linkType: hard

"qs@npm:^6.9.4":
  version: 6.9.4
  resolution: "qs@npm:6.9.4"
  checksum: 5ac0bd145f32d346d20c2fdcf19c8e548c5916458851e32527efb25be0c2cff8a3a81140c145c98a1184779b5b625c91bc7c50e147073bffb978fb7f4a9c8c8a
  languageName: node
  linkType: hard

"querystringify@npm:^2.1.1":
  version: 2.1.1
  resolution: "querystringify@npm:2.1.1"
  checksum: 4ce52606489365af22908e848c473599db77f681f4c1cc817f2dcec6a36e2cc5d4d8e2b17df5d207cb142150aff0f0368c3268f890ea77cd0b0ba94c5f2288d2
  languageName: node
  linkType: hard

"range-parser@npm:~1.2.1":
  version: 1.2.1
  resolution: "range-parser@npm:1.2.1"
  checksum: 0a268d4fea508661cf5743dfe3d5f47ce214fd6b7dec1de0da4d669dd4ef3d2144468ebe4179049eff253d9d27e719c88dae55be64f954e80135a0cada804ec9
  languageName: node
  linkType: hard

"raw-body@npm:2.4.0":
  version: 2.4.0
  resolution: "raw-body@npm:2.4.0"
  dependencies:
    bytes: 3.1.0
    http-errors: 1.7.2
    iconv-lite: 0.4.24
    unpipe: 1.0.0
  checksum: 6343906939e018c6e633a34a938a5d6d1e93ffcfa48646e00207d53b418e941953b521473950c079347220944dc75ba10e7b3c08bf97e3ac72c7624882db09bb
  languageName: node
  linkType: hard

"requires-port@npm:^1.0.0":
  version: 1.0.0
  resolution: "requires-port@npm:1.0.0"
  checksum: eee0e303adffb69be55d1a214e415cf42b7441ae858c76dfc5353148644f6fd6e698926fc4643f510d5c126d12a705e7c8ed7e38061113bdf37547ab356797ff
  languageName: node
  linkType: hard

"rootpath@npm:^0.1.2":
  version: 0.1.2
  resolution: "rootpath@npm:0.1.2"
  checksum: e39fad0912f5757c087e1b9c0a66278bb9cbe5ffbacfb1960f75a4feddf16fe837319a5764abdb73839ef0e6ea8ef155b98eb383b951b25b279c153c50cd13f0
  languageName: node
  linkType: hard

"safe-buffer@npm:5.1.2":
  version: 5.1.2
  resolution: "safe-buffer@npm:5.1.2"
  checksum: f2f1f7943ca44a594893a852894055cf619c1fbcb611237fc39e461ae751187e7baf4dc391a72125e0ac4fb2d8c5c0b3c71529622e6a58f46b960211e704903c
  languageName: node
  linkType: hard

"safe-buffer@npm:^5.0.1":
  version: 5.2.0
  resolution: "safe-buffer@npm:5.2.0"
  checksum: 91d50127aeaee9b8cb1ee12c810d719e29813d1ab1ce6d1b4704cd9ca0e0bfa47455e02cf1bb238be90f2db764447f058fbaef1a1018ae8387c692615d72f86c
  languageName: node
  linkType: hard

"safer-buffer@npm:>= 2.1.2 < 3":
  version: 2.1.2
  resolution: "safer-buffer@npm:2.1.2"
  checksum: cab8f25ae6f1434abee8d80023d7e72b598cf1327164ddab31003c51215526801e40b66c5e65d658a0af1e9d6478cadcb4c745f4bd6751f97d8644786c0978b0
  languageName: node
  linkType: hard

"scmp@npm:^2.1.0":
  version: 2.1.0
  resolution: "scmp@npm:2.1.0"
  checksum: 79c59fd2182e1e09395790776b82c8a4c0a0df3665cbfafe6419167f7707012e443737e7e6b148f74961aac9611e6eafea0a1f7e5d520f14a8248ed17a8fd08e
  languageName: node
  linkType: hard

"semver@npm:^5.6.0":
  version: 5.7.1
  resolution: "semver@npm:5.7.1"
  bin:
    semver: ./bin/semver
  checksum: 57fd0acfd0bac382ee87cd52cd0aaa5af086a7dc8d60379dfe65fea491fb2489b6016400813930ecd61fd0952dae75c115287a1b16c234b1550887117744dfaf
  languageName: node
  linkType: hard

"send@npm:0.17.1":
  version: 0.17.1
  resolution: "send@npm:0.17.1"
  dependencies:
    debug: 2.6.9
    depd: ~1.1.2
    destroy: ~1.0.4
    encodeurl: ~1.0.2
    escape-html: ~1.0.3
    etag: ~1.8.1
    fresh: 0.5.2
    http-errors: ~1.7.2
    mime: 1.6.0
    ms: 2.1.1
    on-finished: ~2.3.0
    range-parser: ~1.2.1
    statuses: ~1.5.0
  checksum: d214c2fa42e7fae3f8fc1aa3931eeb3e6b78c2cf141574e09dbe159915c1e3a337269fc6b7512e7dfddcd7d6ff5974cb62f7c3637ba86a55bde20a92c18bdca0
  languageName: node
  linkType: hard

"serve-static@npm:1.14.1":
  version: 1.14.1
  resolution: "serve-static@npm:1.14.1"
  dependencies:
    encodeurl: ~1.0.2
    escape-html: ~1.0.3
    parseurl: ~1.3.3
    send: 0.17.1
  checksum: c6b268e8486d39ecd54b86c7f2d0ee4a38cd7514ddd9c92c8d5793bb005afde5e908b12395898ae206782306ccc848193d93daa15b86afb3cbe5a8414806abe8
  languageName: node
  linkType: hard

"setprototypeof@npm:1.1.1":
  version: 1.1.1
  resolution: "setprototypeof@npm:1.1.1"
  checksum: a8bee29c1c64c245d460ce53f7460af8cbd0aceac68d66e5215153992cc8b3a7a123416353e0c642060e85cc5fd4241c92d1190eec97eda0dcb97436e8fcca3b
  languageName: node
  linkType: hard

"statuses@npm:>= 1.5.0 < 2, statuses@npm:~1.5.0":
  version: 1.5.0
  resolution: "statuses@npm:1.5.0"
  checksum: c469b9519de16a4bb19600205cffb39ee471a5f17b82589757ca7bd40a8d92ebb6ed9f98b5a540c5d302ccbc78f15dc03cc0280dd6e00df1335568a5d5758a5c
  languageName: node
  linkType: hard

"toidentifier@npm:1.0.0":
  version: 1.0.0
  resolution: "toidentifier@npm:1.0.0"
  checksum: 199e6bfca1531d49b3506cff02353d53ec987c9ee10ee272ca6484ed97f1fc10fb77c6c009079ca16d5c5be4a10378178c3cacdb41ce9ec954c3297c74c6053e
  languageName: node
  linkType: hard

"twilio@npm:^3.67.1":
  version: 3.67.1
  resolution: "twilio@npm:3.67.1"
  dependencies:
    axios: ^0.21.1
    dayjs: ^1.8.29
    https-proxy-agent: ^5.0.0
    jsonwebtoken: ^8.5.1
    lodash: ^4.17.21
    q: 2.0.x
    qs: ^6.9.4
    rootpath: ^0.1.2
    scmp: ^2.1.0
    url-parse: ^1.5.3
    xmlbuilder: ^13.0.2
  checksum: 0f6976bc4ebf69c04c537e493c4fb1a738f87102b2174ee9e55b8249da0a65b17d4f9b0b8d21bf784c18f342856f42a4dd0199bdeda68dc623f6f0d62edc7bc6
  languageName: node
  linkType: hard

"type-is@npm:~1.6.17, type-is@npm:~1.6.18":
  version: 1.6.18
  resolution: "type-is@npm:1.6.18"
  dependencies:
    media-typer: 0.3.0
    mime-types: ~2.1.24
  checksum: 2c8e47675d55f8b4e404bcf529abdf5036c537a04c2b20177bcf78c9e3c1da69da3942b1346e6edb09e823228c0ee656ef0e033765ec39a70d496ef601a0c657
  languageName: node
  linkType: hard

"unpipe@npm:1.0.0, unpipe@npm:~1.0.0":
  version: 1.0.0
  resolution: "unpipe@npm:1.0.0"
  checksum: 4fa18d8d8d977c55cb09715385c203197105e10a6d220087ec819f50cb68870f02942244f1017565484237f1f8c5d3cd413631b1ae104d3096f24fdfde1b4aa2
  languageName: node
  linkType: hard

"url-parse@npm:^1.5.3":
  version: 1.5.3
  resolution: "url-parse@npm:1.5.3"
  dependencies:
    querystringify: ^2.1.1
    requires-port: ^1.0.0
  checksum: c6b32fff835e43f3b1b4150239f459744f0ab1a908841dbfecbfc79bf67f4d6c8d9af1841d0c6d814d45bfa08525cc29312a0bef31db7aa894306b3db07e4ee0
  languageName: node
  linkType: hard

"utils-merge@npm:1.0.1":
  version: 1.0.1
  resolution: "utils-merge@npm:1.0.1"
  checksum: c81095493225ecfc28add49c106ca4f09cdf56bc66731aa8dabc2edbbccb1e1bfe2de6a115e5c6a380d3ea166d1636410b62ef216bb07b3feb1cfde1d95d5080
  languageName: node
  linkType: hard

"uuid@npm:^7.0.3":
  version: 7.0.3
  resolution: "uuid@npm:7.0.3"
  bin:
    uuid: dist/bin/uuid
  checksum: f5b7b5cc28accac68d5c083fd51cca64896639ebd4cca88c6cfb363801aaa83aa439c86dfc8446ea250a7a98d17afd2ad9e88d9d4958c79a412eccb93bae29de
  languageName: node
  linkType: hard

"vary@npm:~1.1.2":
  version: 1.1.2
  resolution: "vary@npm:1.1.2"
  checksum: ae0123222c6df65b437669d63dfa8c36cee20a504101b2fcd97b8bf76f91259c17f9f2b4d70a1e3c6bbcee7f51b28392833adb6b2770b23b01abec84e369660b
  languageName: node
  linkType: hard

"weak-map@npm:^1.0.5":
  version: 1.0.5
  resolution: "weak-map@npm:1.0.5"
  checksum: 52883c4e9451b513fca042fcda4365c3a1ea133b7e73131894ca70f8ec3a56c8588a278d350ab32f23fbe9ebcc00ce618bdf60f25af6600532f69ec0c9e9f49b
  languageName: node
  linkType: hard

"xmlbuilder@npm:^13.0.2":
  version: 13.0.2
  resolution: "xmlbuilder@npm:13.0.2"
  checksum: 03b316a8f6f9ab188f4b3a04a224782b8ef1f5e517773ef719a044e7267bad1c081a57bbcbfc43247d2dad168d55de54fbc62d4ed8524cadeb433a62bd8583dd
  languageName: node
  linkType: hard
